
Microsoft Visual Studio Solution File, Format Version 12.00
# Visual Studio 15
VisualStudioVersion = 15.0.28307.136
MinimumVisualStudioVersion = 10.0.40219.1
Project("{FAE04EC0-301F-11D3-BF4B-00C04F79EFBC}") = "Controllers", "Controllers\Controllers.csproj", "{FF84511F-A390-470D-BCFD-1C20D3B015D6}"
EndProject
Project("{FAE04EC0-301F-11D3-BF4B-00C04F79EFBC}") = "DBConnection", "DBConnection\DBConnection.csproj", "{054CA609-2C45-4CA7-9650-15ED0B765465}"
EndProject
Project("{FAE04EC0-301F-11D3-BF4B-00C04F79EFBC}") = "Services", "Services\Services.csproj", "{175D431B-ED73-481D-A4CD-F8038AB3C93A}"
EndProject
Global
	GlobalSection(SolutionConfigurationPlatforms) = preSolution
		Debug|Any CPU = Debug|Any CPU
		Release|Any CPU = Release|Any CPU
	EndGlobalSection
	GlobalSection(ProjectConfigurationPlatforms) = postSolution
		{FF84511F-A390-470D-BCFD-1C20D3B015D6}.Debug|Any CPU.ActiveCfg = Debug|Any CPU
		{FF84511F-A390-470D-BCFD-1C20D3B015D6}.Debug|Any CPU.Build.0 = Debug|Any CPU
		{FF84511F-A390-470D-BCFD-1C20D3B015D6}.Release|Any CPU.ActiveCfg = Release|Any CPU
		{FF84511F-A390-470D-BCFD-1C20D3B015D6}.Release|Any CPU.Build.0 = Release|Any CPU
		{054CA609-2C45-4CA7-9650-15ED0B765465}.Debug|Any CPU.ActiveCfg = Debug|Any CPU
		{054CA609-2C45-4CA7-9650-15ED0B765465}.Debug|Any CPU.Build.0 = Debug|Any CPU
		{054CA609-2C45-4CA7-9650-15ED0B765465}.Release|Any CPU.ActiveCfg = Release|Any CPU
		{054CA609-2C45-4CA7-9650-15ED0B765465}.Release|Any CPU.Build.0 = Release|Any CPU
		{175D431B-ED73-481D-A4CD-F8038AB3C93A}.Debug|Any CPU.ActiveCfg = Debug|Any CPU
		{175D431B-ED73-481D-A4CD-F8038AB3C93A}.Debug|Any CPU.Build.0 = Debug|Any CPU
		{175D431B-ED73-481D-A4CD-F8038AB3C93A}.Release|Any CPU.ActiveCfg = Release|Any CPU
		{175D431B-ED73-481D-A4CD-F8038AB3C93A}.Release|Any CPU.Build.0 = Release|Any CPU
	EndGlobalSection
	GlobalSection(SolutionProperties) = preSolution
		HideSolutionNode = FALSE
	EndGlobalSection
	GlobalSection(ExtensibilityGlobals) = postSolution
		SolutionGuid = {E39228C2-210C-41E0-8B2B-6C67A62DAD91}
	EndGlobalSection
EndGlobal
